
Microsoft Visual Studio Solution File, Format Version 12.00
# Visual Studio 15
VisualStudioVersion = 15.0.28307.329
MinimumVisualStudioVersion = 10.0.40219.1
Project("{9A19103F-16F7-4668-BE54-9A1E7A4F7556}") = "ToDoApis", "ToDoApis\ToDoApis.csproj", "{54B5B2DD-D70C-4A71-9F76-4D553CB34A31}"
EndProject
Project("{FAE04EC0-301F-11D3-BF4B-00C04F79EFBC}") = "DataAccessLayer", "DataAccessLayer\DataAccessLayer.csproj", "{585A773A-D978-4996-B79C-1759D542AF12}"
EndProject
Global
	GlobalSection(SolutionConfigurationPlatforms) = preSolution
		Debug|Any CPU = Debug|Any CPU
		Release|Any CPU = Release|Any CPU
	EndGlobalSection
	GlobalSection(ProjectConfigurationPlatforms) = postSolution
		{54B5B2DD-D70C-4A71-9F76-4D553CB34A31}.Debug|Any CPU.ActiveCfg = Debug|Any CPU
		{54B5B2DD-D70C-4A71-9F76-4D553CB34A31}.Debug|Any CPU.Build.0 = Debug|Any CPU
		{54B5B2DD-D70C-4A71-9F76-4D553CB34A31}.Release|Any CPU.ActiveCfg = Release|Any CPU
		{54B5B2DD-D70C-4A71-9F76-4D553CB34A31}.Release|Any CPU.Build.0 = Release|Any CPU
		{585A773A-D978-4996-B79C-1759D542AF12}.Debug|Any CPU.ActiveCfg = Debug|Any CPU
		{585A773A-D978-4996-B79C-1759D542AF12}.Debug|Any CPU.Build.0 = Debug|Any CPU
		{585A773A-D978-4996-B79C-1759D542AF12}.Release|Any CPU.ActiveCfg = Release|Any CPU
		{585A773A-D978-4996-B79C-1759D542AF12}.Release|Any CPU.Build.0 = Release|Any CPU
	EndGlobalSection
	GlobalSection(SolutionProperties) = preSolution
		HideSolutionNode = FALSE
	EndGlobalSection
	GlobalSection(ExtensibilityGlobals) = postSolution
		SolutionGuid = {9B8F3F07-D9BA-47DA-A2A5-7F960C37ADD5}
	EndGlobalSection
EndGlobal
